
Microsoft Visual Studio Solution File, Format Version 12.00
# Visual Studio Version 16
VisualStudioVersion = 16.0.30204.135
MinimumVisualStudioVersion = 10.0.40219.1
Project("{FAE04EC0-301F-11D3-BF4B-00C04F79EFBC}") = "My.Wine.Android", "My.Wine\My.Wine.Android\My.Wine.Android.csproj", "{2F9A3477-0B26-4686-9306-671397831807}"
EndProject
Project("{FAE04EC0-301F-11D3-BF4B-00C04F79EFBC}") = "My.Wine.iOS", "My.Wine\My.Wine.iOS\My.Wine.iOS.csproj", "{C12D80E4-D520-433E-8560-B863C30B41F4}"
EndProject
Project("{FAE04EC0-301F-11D3-BF4B-00C04F79EFBC}") = "My.Wine", "My.Wine\My.Wine\My.Wine.csproj", "{EC40D813-3C03-4052-BCD0-46A0A0361A0E}"
EndProject
Global
	GlobalSection(SolutionConfigurationPlatforms) = preSolution
		Debug|Any CPU = Debug|Any CPU
		Debug|iPhone = Debug|iPhone
		Debug|iPhoneSimulator = Debug|iPhoneSimulator
		Release|Any CPU = Release|Any CPU
		Release|iPhone = Release|iPhone
		Release|iPhoneSimulator = Release|iPhoneSimulator
	EndGlobalSection
	GlobalSection(ProjectConfigurationPlatforms) = postSolution
		{2F9A3477-0B26-4686-9306-671397831807}.Debug|Any CPU.ActiveCfg = Debug|Any CPU
		{2F9A3477-0B26-4686-9306-671397831807}.Debug|Any CPU.Build.0 = Debug|Any CPU
		{2F9A3477-0B26-4686-9306-671397831807}.Debug|Any CPU.Deploy.0 = Debug|Any CPU
		{2F9A3477-0B26-4686-9306-671397831807}.Debug|iPhone.ActiveCfg = Debug|Any CPU
		{2F9A3477-0B26-4686-9306-671397831807}.Debug|iPhone.Build.0 = Debug|Any CPU
		{2F9A3477-0B26-4686-9306-671397831807}.Debug|iPhone.Deploy.0 = Debug|Any CPU
		{2F9A3477-0B26-4686-9306-671397831807}.Debug|iPhoneSimulator.ActiveCfg = Debug|Any CPU
		{2F9A3477-0B26-4686-9306-671397831807}.Debug|iPhoneSimulator.Build.0 = Debug|Any CPU
		{2F9A3477-0B26-4686-9306-671397831807}.Debug|iPhoneSimulator.Deploy.0 = Debug|Any CPU
		{2F9A3477-0B26-4686-9306-671397831807}.Release|Any CPU.ActiveCfg = Release|Any CPU
		{2F9A3477-0B26-4686-9306-671397831807}.Release|Any CPU.Build.0 = Release|Any CPU
		{2F9A3477-0B26-4686-9306-671397831807}.Release|Any CPU.Deploy.0 = Release|Any CPU
		{2F9A3477-0B26-4686-9306-671397831807}.Release|iPhone.ActiveCfg = Release|Any CPU
		{2F9A3477-0B26-4686-9306-671397831807}.Release|iPhone.Build.0 = Release|Any CPU
		{2F9A3477-0B26-4686-9306-671397831807}.Release|iPhone.Deploy.0 = Release|Any CPU
		{2F9A3477-0B26-4686-9306-671397831807}.Release|iPhoneSimulator.ActiveCfg = Release|Any CPU
		{2F9A3477-0B26-4686-9306-671397831807}.Release|iPhoneSimulator.Build.0 = Release|Any CPU
		{2F9A3477-0B26-4686-9306-671397831807}.Release|iPhoneSimulator.Deploy.0 = Release|Any CPU
		{C12D80E4-D520-433E-8560-B863C30B41F4}.Debug|Any CPU.ActiveCfg = Debug|iPhone
		{C12D80E4-D520-433E-8560-B863C30B41F4}.Debug|Any CPU.Build.0 = Debug|iPhone
		{C12D80E4-D520-433E-8560-B863C30B41F4}.Debug|Any CPU.Deploy.0 = Debug|iPhone
		{C12D80E4-D520-433E-8560-B863C30B41F4}.Debug|iPhone.ActiveCfg = Debug|iPhone
		{C12D80E4-D520-433E-8560-B863C30B41F4}.Debug|iPhone.Build.0 = Debug|iPhone
		{C12D80E4-D520-433E-8560-B863C30B41F4}.Debug|iPhone.Deploy.0 = Debug|iPhone
		{C12D80E4-D520-433E-8560-B863C30B41F4}.Debug|iPhoneSimulator.ActiveCfg = Debug|iPhoneSimulator
		{C12D80E4-D520-433E-8560-B863C30B41F4}.Debug|iPhoneSimulator.Build.0 = Debug|iPhoneSimulator
		{C12D80E4-D520-433E-8560-B863C30B41F4}.Debug|iPhoneSimulator.Deploy.0 = Debug|iPhoneSimulator
		{C12D80E4-D520-433E-8560-B863C30B41F4}.Release|Any CPU.ActiveCfg = Release|iPhone
		{C12D80E4-D520-433E-8560-B863C30B41F4}.Release|Any CPU.Build.0 = Release|iPhone
		{C12D80E4-D520-433E-8560-B863C30B41F4}.Release|Any CPU.Deploy.0 = Release|iPhone
		{C12D80E4-D520-433E-8560-B863C30B41F4}.Release|iPhone.ActiveCfg = Release|iPhone
		{C12D80E4-D520-433E-8560-B863C30B41F4}.Release|iPhone.Build.0 = Release|iPhone
		{C12D80E4-D520-433E-8560-B863C30B41F4}.Release|iPhone.Deploy.0 = Release|iPhone
		{C12D80E4-D520-433E-8560-B863C30B41F4}.Release|iPhoneSimulator.ActiveCfg = Release|iPhoneSimulator
		{C12D80E4-D520-433E-8560-B863C30B41F4}.Release|iPhoneSimulator.Build.0 = Release|iPhoneSimulator
		{C12D80E4-D520-433E-8560-B863C30B41F4}.Release|iPhoneSimulator.Deploy.0 = Release|iPhoneSimulator
		{EC40D813-3C03-4052-BCD0-46A0A0361A0E}.Debug|Any CPU.ActiveCfg = Debug|Any CPU
		{EC40D813-3C03-4052-BCD0-46A0A0361A0E}.Debug|Any CPU.Build.0 = Debug|Any CPU
		{EC40D813-3C03-4052-BCD0-46A0A0361A0E}.Debug|Any CPU.Deploy.0 = Debug|Any CPU
		{EC40D813-3C03-4052-BCD0-46A0A0361A0E}.Debug|iPhone.ActiveCfg = Debug|Any CPU
		{EC40D813-3C03-4052-BCD0-46A0A0361A0E}.Debug|iPhone.Build.0 = Debug|Any CPU
		{EC40D813-3C03-4052-BCD0-46A0A0361A0E}.Debug|iPhone.Deploy.0 = Debug|Any CPU
		{EC40D813-3C03-4052-BCD0-46A0A0361A0E}.Debug|iPhoneSimulator.ActiveCfg = Debug|Any CPU
		{EC40D813-3C03-4052-BCD0-46A0A0361A0E}.Debug|iPhoneSimulator.Build.0 = Debug|Any CPU
		{EC40D813-3C03-4052-BCD0-46A0A0361A0E}.Debug|iPhoneSimulator.Deploy.0 = Debug|Any CPU
		{EC40D813-3C03-4052-BCD0-46A0A0361A0E}.Release|Any CPU.ActiveCfg = Release|Any CPU
		{EC40D813-3C03-4052-BCD0-46A0A0361A0E}.Release|Any CPU.Build.0 = Release|Any CPU
		{EC40D813-3C03-4052-BCD0-46A0A0361A0E}.Release|Any CPU.Deploy.0 = Release|Any CPU
		{EC40D813-3C03-4052-BCD0-46A0A0361A0E}.Release|iPhone.ActiveCfg = Release|Any CPU
		{EC40D813-3C03-4052-BCD0-46A0A0361A0E}.Release|iPhone.Build.0 = Release|Any CPU
		{EC40D813-3C03-4052-BCD0-46A0A0361A0E}.Release|iPhone.Deploy.0 = Release|Any CPU
		{EC40D813-3C03-4052-BCD0-46A0A0361A0E}.Release|iPhoneSimulator.ActiveCfg = Release|Any CPU
		{EC40D813-3C03-4052-BCD0-46A0A0361A0E}.Release|iPhoneSimulator.Build.0 = Release|Any CPU
		{EC40D813-3C03-4052-BCD0-46A0A0361A0E}.Release|iPhoneSimulator.Deploy.0 = Release|Any CPU
	EndGlobalSection
	GlobalSection(SolutionProperties) = preSolution
		HideSolutionNode = FALSE
	EndGlobalSection
	GlobalSection(ExtensibilityGlobals) = postSolution
		SolutionGuid = {D8133014-9F4D-48BA-92DC-266A5FF1206E}
	EndGlobalSection
EndGlobal
